
Microsoft Visual Studio Solution File, Format Version 12.00
# Visual Studio Version 17
VisualStudioVersion = 17.8.34511.84
MinimumVisualStudioVersion = 10.0.40219.1
Project("{FAE04EC0-301F-11D3-BF4B-00C04F79EFBC}") = "ToDoApp", "ToDoApp\ToDoApp.csproj", "{71786871-093F-4932-A00E-2E8DB962361E}"
EndProject
Global
	GlobalSection(SolutionConfigurationPlatforms) = preSolution
		Debug|Any CPU = Debug|Any CPU
		Release|Any CPU = Release|Any CPU
	EndGlobalSection
	GlobalSection(ProjectConfigurationPlatforms) = postSolution
		{71786871-093F-4932-A00E-2E8DB962361E}.Debug|Any CPU.ActiveCfg = Debug|Any CPU
		{71786871-093F-4932-A00E-2E8DB962361E}.Debug|Any CPU.Build.0 = Debug|Any CPU
		{71786871-093F-4932-A00E-2E8DB962361E}.Release|Any CPU.ActiveCfg = Release|Any CPU
		{71786871-093F-4932-A00E-2E8DB962361E}.Release|Any CPU.Build.0 = Release|Any CPU
	EndGlobalSection
	GlobalSection(SolutionProperties) = preSolution
		HideSolutionNode = FALSE
	EndGlobalSection
	GlobalSection(ExtensibilityGlobals) = postSolution
		SolutionGuid = {48C0879A-6690-4B83-A780-40DA6F9B0FA4}
	EndGlobalSection
EndGlobal
